<Solution>
  <Folder Name="/src/">
    <Project Path="src/AccessibleVideoToText.Core/AccessibleVideoToText.Core.csproj" />
    <Project Path="src/AccessibleVideoToText.Infrastructure/AccessibleVideoToText.Infrastructure.csproj" />
    <Project Path="src/AccessibleVideoToText.App/AccessibleVideoToText.App.csproj" />
  </Folder>
  <Folder Name="/tests/">
    <Project Path="tests/AccessibleVideoToText.Tests/AccessibleVideoToText.Tests.csproj" />
  </Folder>
</Solution>

